
Microsoft Visual Studio Solution File, Format Version 12.00
# Visual Studio 14
VisualStudioVersion = 14.0.25420.1
MinimumVisualStudioVersion = 10.0.40219.1
Project("{FAE04EC0-301F-11D3-BF4B-00C04F79EFBC}") = "NTier.Core", "NTier.Core\NTier.Core.csproj", "{432911AA-129F-44E1-9B5B-271E118CA748}"
EndProject
Project("{FAE04EC0-301F-11D3-BF4B-00C04F79EFBC}") = "NTier.Service", "NTier.Service\NTier.Service.csproj", "{37859443-9C50-4643-9B85-BCBAB63BC7C7}"
EndProject
Project("{FAE04EC0-301F-11D3-BF4B-00C04F79EFBC}") = "NTier.Model", "NTier.Model\NTier.Model.csproj", "{ADBA8899-5ED9-47B6-886D-A687DCDE1762}"
EndProject
Project("{FAE04EC0-301F-11D3-BF4B-00C04F79EFBC}") = "NTier.API", "NTier.API\NTier.API.csproj", "{FA4174E9-6A7E-46D0-9ECD-99B71CFF6239}"
EndProject
Project("{FAE04EC0-301F-11D3-BF4B-00C04F79EFBC}") = "NTier.UI", "NTier.UI\NTier.UI.csproj", "{275C4768-B362-4D7B-8A9A-0BA37561604E}"
EndProject
Global
	GlobalSection(SolutionConfigurationPlatforms) = preSolution
		Debug|Any CPU = Debug|Any CPU
		Release|Any CPU = Release|Any CPU
	EndGlobalSection
	GlobalSection(ProjectConfigurationPlatforms) = postSolution
		{432911AA-129F-44E1-9B5B-271E118CA748}.Debug|Any CPU.ActiveCfg = Debug|Any CPU
		{432911AA-129F-44E1-9B5B-271E118CA748}.Debug|Any CPU.Build.0 = Debug|Any CPU
		{432911AA-129F-44E1-9B5B-271E118CA748}.Release|Any CPU.ActiveCfg = Release|Any CPU
		{432911AA-129F-44E1-9B5B-271E118CA748}.Release|Any CPU.Build.0 = Release|Any CPU
		{37859443-9C50-4643-9B85-BCBAB63BC7C7}.Debug|Any CPU.ActiveCfg = Debug|Any CPU
		{37859443-9C50-4643-9B85-BCBAB63BC7C7}.Debug|Any CPU.Build.0 = Debug|Any CPU
		{37859443-9C50-4643-9B85-BCBAB63BC7C7}.Release|Any CPU.ActiveCfg = Release|Any CPU
		{37859443-9C50-4643-9B85-BCBAB63BC7C7}.Release|Any CPU.Build.0 = Release|Any CPU
		{ADBA8899-5ED9-47B6-886D-A687DCDE1762}.Debug|Any CPU.ActiveCfg = Debug|Any CPU
		{ADBA8899-5ED9-47B6-886D-A687DCDE1762}.Debug|Any CPU.Build.0 = Debug|Any CPU
		{ADBA8899-5ED9-47B6-886D-A687DCDE1762}.Release|Any CPU.ActiveCfg = Release|Any CPU
		{ADBA8899-5ED9-47B6-886D-A687DCDE1762}.Release|Any CPU.Build.0 = Release|Any CPU
		{FA4174E9-6A7E-46D0-9ECD-99B71CFF6239}.Debug|Any CPU.ActiveCfg = Debug|Any CPU
		{FA4174E9-6A7E-46D0-9ECD-99B71CFF6239}.Debug|Any CPU.Build.0 = Debug|Any CPU
		{FA4174E9-6A7E-46D0-9ECD-99B71CFF6239}.Release|Any CPU.ActiveCfg = Release|Any CPU
		{FA4174E9-6A7E-46D0-9ECD-99B71CFF6239}.Release|Any CPU.Build.0 = Release|Any CPU
		{275C4768-B362-4D7B-8A9A-0BA37561604E}.Debug|Any CPU.ActiveCfg = Debug|Any CPU
		{275C4768-B362-4D7B-8A9A-0BA37561604E}.Debug|Any CPU.Build.0 = Debug|Any CPU
		{275C4768-B362-4D7B-8A9A-0BA37561604E}.Release|Any CPU.ActiveCfg = Release|Any CPU
		{275C4768-B362-4D7B-8A9A-0BA37561604E}.Release|Any CPU.Build.0 = Release|Any CPU
	EndGlobalSection
	GlobalSection(SolutionProperties) = preSolution
		HideSolutionNode = FALSE
	EndGlobalSection
EndGlobal
